
Microsoft Visual Studio Solution File, Format Version 12.00
# Visual Studio Version 16
VisualStudioVersion = 16.0.33214.272
MinimumVisualStudioVersion = 10.0.40219.1
Project("{FAE04EC0-301F-11D3-BF4B-00C04F79EFBC}") = "NovaFleetCore", "NovaFleetCore\NovaFleetCore.csproj", "{14957BE7-4725-4449-8882-630A0444422B}"
EndProject
Project("{FAE04EC0-301F-11D3-BF4B-00C04F79EFBC}") = "NovaFleetTests", "NovaFleetTests\NovaFleetTests.csproj", "{3ABBBAA8-3F09-4FEF-B80A-428A5F4E2C7C}"
EndProject
Global
	GlobalSection(SolutionConfigurationPlatforms) = preSolution
		Debug|Any CPU = Debug|Any CPU
		Release|Any CPU = Release|Any CPU
	EndGlobalSection
	GlobalSection(ProjectConfigurationPlatforms) = postSolution
		{14957BE7-4725-4449-8882-630A0444422B}.Debug|Any CPU.ActiveCfg = Debug|Any CPU
		{14957BE7-4725-4449-8882-630A0444422B}.Debug|Any CPU.Build.0 = Debug|Any CPU
		{14957BE7-4725-4449-8882-630A0444422B}.Release|Any CPU.ActiveCfg = Release|Any CPU
		{14957BE7-4725-4449-8882-630A0444422B}.Release|Any CPU.Build.0 = Release|Any CPU
		{3ABBBAA8-3F09-4FEF-B80A-428A5F4E2C7C}.Debug|Any CPU.ActiveCfg = Debug|Any CPU
		{3ABBBAA8-3F09-4FEF-B80A-428A5F4E2C7C}.Debug|Any CPU.Build.0 = Debug|Any CPU
		{3ABBBAA8-3F09-4FEF-B80A-428A5F4E2C7C}.Release|Any CPU.ActiveCfg = Release|Any CPU
		{3ABBBAA8-3F09-4FEF-B80A-428A5F4E2C7C}.Release|Any CPU.Build.0 = Release|Any CPU
	EndGlobalSection
	GlobalSection(SolutionProperties) = preSolution
		HideSolutionNode = FALSE
	EndGlobalSection
	GlobalSection(ExtensibilityGlobals) = postSolution
		SolutionGuid = {C1430E23-9DE6-4C67-9C1D-A30C57E2E476}
	EndGlobalSection
EndGlobal
